// !$*UTF8*$!
{
	archiveVersion = 1;
	classes = {
	};
	objectVersion = 56;
	objects = {

/* Begin PBXBuildFile section */
		3F679C572A752408007D5CF6 /* AppDelegate.swift in Sources */ = {isa = PBXBuildFile; fileRef = 3F679C562A752408007D5CF6 /* AppDelegate.swift */; };
		3F679C592A752408007D5CF6 /* SceneDelegate.swift in Sources */ = {isa = PBXBuildFile; fileRef = 3F679C582A752408007D5CF6 /* SceneDelegate.swift */; };
		3F679C5B2A752408007D5CF6 /* ViewController.swift in Sources */ = {isa = PBXBuildFile; fileRef = 3F679C5A2A752408007D5CF6 /* ViewController.swift */; };
		3F679C5E2A752408007D5CF6 /* Main.storyboard in Resources */ = {isa = PBXBuildFile; fileRef = 3F679C5C2A752408007D5CF6 /* Main.storyboard */; };
		3F679C602A752409007D5CF6 /* Assets.xcassets in Resources */ = {isa = PBXBuildFile; fileRef = 3F679C5F2A752409007D5CF6 /* Assets.xcassets */; };
		3F679C632A752409007D5CF6 /* LaunchScreen.storyboard in Resources */ = {isa = PBXBuildFile; fileRef = 3F679C612A752409007D5CF6 /* LaunchScreen.storyboard */; };
		3F679C6E2A752409007D5CF6 /* cropableTests.swift in Sources */ = {isa = PBXBuildFile; fileRef = 3F679C6D2A752409007D5CF6 /* cropableTests.swift */; };
		3F679C782A752409007D5CF6 /* cropableUITests.swift in Sources */ = {isa = PBXBuildFile; fileRef = 3F679C772A752409007D5CF6 /* cropableUITests.swift */; };
		3F679C7A2A752409007D5CF6 /* cropableUITestsLaunchTests.swift in Sources */ = {isa = PBXBuildFile; fileRef = 3F679C792A752409007D5CF6 /* cropableUITestsLaunchTests.swift */; };
/* End PBXBuildFile section */

/* Begin PBXContainerItemProxy section */
		3F679C6A2A752409007D5CF6 /* PBXContainerItemProxy */ = {
			isa = PBXContainerItemProxy;
			containerPortal = 3F679C4B2A752408007D5CF6 /* Project object */;
			proxyType = 1;
			remoteGlobalIDString = 3F679C522A752408007D5CF6;
			remoteInfo = cropable;
		};
		3F679C742A752409007D5CF6 /* PBXContainerItemProxy */ = {
			isa = PBXContainerItemProxy;
			containerPortal = 3F679C4B2A752408007D5CF6 /* Project object */;
			proxyType = 1;
			remoteGlobalIDString = 3F679C522A752408007D5CF6;
			remoteInfo = cropable;
		};
/* End PBXContainerItemProxy section */

/* Begin PBXFileReference section */
		3F679C532A752408007D5CF6 /* cropable.app */ = {isa = PBXFileReference; explicitFileType = wrapper.application; includeInIndex = 0; path = cropable.app; sourceTree = BUILT_PRODUCTS_DIR; };
		3F679C562A752408007D5CF6 /* AppDelegate.swift */ = {isa = PBXFileReference; lastKnownFileType = sourcecode.swift; path = AppDelegate.swift; sourceTree = "<group>"; };
		3F679C582A752408007D5CF6 /* SceneDelegate.swift */ = {isa = PBXFileReference; lastKnownFileType = sourcecode.swift; path = SceneDelegate.swift; sourceTree = "<group>"; };
		3F679C5A2A752408007D5CF6 /* ViewController.swift */ = {isa = PBXFileReference; lastKnownFileType = sourcecode.swift; path = ViewController.swift; sourceTree = "<group>"; };
		3F679C5D2A752408007D5CF6 /* Base */ = {isa = PBXFileReference; lastKnownFileType = file.storyboard; name = Base; path = Base.lproj/Main.storyboard; sourceTree = "<group>"; };
		3F679C5F2A752409007D5CF6 /* Assets.xcassets */ = {isa = PBXFileReference; lastKnownFileType = folder.assetcatalog; path = Assets.xcassets; sourceTree = "<group>"; };
		3F679C622A752409007D5CF6 /* Base */ = {isa = PBXFileReference; lastKnownFileType = file.storyboard; name = Base; path = Base.lproj/LaunchScreen.storyboard; sourceTree = "<group>"; };
		3F679C642A752409007D5CF6 /* Info.plist */ = {isa = PBXFileReference; lastKnownFileType = text.plist.xml; path = Info.plist; sourceTree = "<group>"; };
		3F679C692A752409007D5CF6 /* cropableTests.xctest */ = {isa = PBXFileReference; explicitFileType = wrapper.cfbundle; includeInIndex = 0; path = cropableTests.xctest; sourceTree = BUILT_PRODUCTS_DIR; };
		3F679C6D2A752409007D5CF6 /* cropableTests.swift */ = {isa = PBXFileReference; lastKnownFileType = sourcecode.swift; path = cropableTests.swift; sourceTree = "<group>"; };
		3F679C732A752409007D5CF6 /* cropableUITests.xctest */ = {isa = PBXFileReference; explicitFileType = wrapper.cfbundle; includeInIndex = 0; path = cropableUITests.xctest; sourceTree = BUILT_PRODUCTS_DIR; };
		3F679C772A752409007D5CF6 /* cropableUITests.swift */ = {isa = PBXFileReference; lastKnownFileType = sourcecode.swift; path = cropableUITests.swift; sourceTree = "<group>"; };
		3F679C792A752409007D5CF6 /* cropableUITestsLaunchTests.swift */ = {isa = PBXFileReference; lastKnownFileType = sourcecode.swift; path = cropableUITestsLaunchTests.swift; sourceTree = "<group>"; };
/* End PBXFileReference section */

/* Begin PBXFrameworksBuildPhase section */
		3F679C502A752408007D5CF6 /* Frameworks */ = {
			isa = PBXFrameworksBuildPhase;
			buildActionMask = 2147483647;
			files = (
			);
			runOnlyForDeploymentPostprocessing = 0;
		};
		3F679C662A752409007D5CF6 /* Frameworks */ = {
			isa = PBXFrameworksBuildPhase;
			buildActionMask = 2147483647;
			files = (
			);
			runOnlyForDeploymentPostprocessing = 0;
		};
		3F679C702A752409007D5CF6 /* Frameworks */ = {
			isa = PBXFrameworksBuildPhase;
			buildActionMask = 2147483647;
			files = (
			);
			runOnlyForDeploymentPostprocessing = 0;
		};
/* End PBXFrameworksBuildPhase section */

/* Begin PBXGroup section */
		3F679C4A2A752408007D5CF6 = {
			isa = PBXGroup;
			children = (
				3F679C552A752408007D5CF6 /* cropable */,
				3F679C6C2A752409007D5CF6 /* cropableTests */,
				3F679C762A752409007D5CF6 /* cropableUITests */,
				3F679C542A752408007D5CF6 /* Products */,
			);
			sourceTree = "<group>";
		};
		3F679C542A752408007D5CF6 /* Products */ = {
			isa = PBXGroup;
			children = (
				3F679C532A752408007D5CF6 /* cropable.app */,
				3F679C692A752409007D5CF6 /* cropableTests.xctest */,
				3F679C732A752409007D5CF6 /* cropableUITests.xctest */,
			);
			name = Products;
			sourceTree = "<group>";
		};
		3F679C552A752408007D5CF6 /* cropable */ = {
			isa = PBXGroup;
			children = (
				3F679C562A752408007D5CF6 /* AppDelegate.swift */,
				3F679C582A752408007D5CF6 /* SceneDelegate.swift */,
				3F679C5A2A752408007D5CF6 /* ViewController.swift */,
				3F679C5C2A752408007D5CF6 /* Main.storyboard */,
				3F679C5F2A752409007D5CF6 /* Assets.xcassets */,
				3F679C612A752409007D5CF6 /* LaunchScreen.storyboard */,
				3F679C642A752409007D5CF6 /* Info.plist */,
			);
			path = cropable;
			sourceTree = "<group>";
		};
		3F679C6C2A752409007D5CF6 /* cropableTests */ = {
			isa = PBXGroup;
			children = (
				3F679C6D2A752409007D5CF6 /* cropableTests.swift */,
			);
			path = cropableTests;
			sourceTree = "<group>";
		};
		3F679C762A752409007D5CF6 /* cropableUITests */ = {
			isa = PBXGroup;
			children = (
				3F679C772A752409007D5CF6 /* cropableUITests.swift */,
				3F679C792A752409007D5CF6 /* cropableUITestsLaunchTests.swift */,
			);
			path = cropableUITests;
			sourceTree = "<group>";
		};
/* End PBXGroup section */

/* Begin PBXNativeTarget section */
		3F679C522A752408007D5CF6 /* cropable */ = {
			isa = PBXNativeTarget;
			buildConfigurationList = 3F679C7D2A752409007D5CF6 /* Build configuration list for PBXNativeTarget "cropable" */;
			buildPhases = (
				3F679C4F2A752408007D5CF6 /* Sources */,
				3F679C502A752408007D5CF6 /* Frameworks */,
				3F679C512A752408007D5CF6 /* Resources */,
			);
			buildRules = (
			);
			dependencies = (
			);
			name = cropable;
			productName = cropable;
			productReference = 3F679C532A752408007D5CF6 /* cropable.app */;
			productType = "com.apple.product-type.application";
		};
		3F679C682A752409007D5CF6 /* cropableTests */ = {
			isa = PBXNativeTarget;
			buildConfigurationList = 3F679C802A752409007D5CF6 /* Build configuration list for PBXNativeTarget "cropableTests" */;
			buildPhases = (
				3F679C652A752409007D5CF6 /* Sources */,
				3F679C662A752409007D5CF6 /* Frameworks */,
				3F679C672A752409007D5CF6 /* Resources */,
			);
			buildRules = (
			);
			dependencies = (
				3F679C6B2A752409007D5CF6 /* PBXTargetDependency */,
			);
			name = cropableTests;
			productName = cropableTests;
			productReference = 3F679C692A752409007D5CF6 /* cropableTests.xctest */;
			productType = "com.apple.product-type.bundle.unit-test";
		};
		3F679C722A752409007D5CF6 /* cropableUITests */ = {
			isa = PBXNativeTarget;
			buildConfigurationList = 3F679C832A752409007D5CF6 /* Build configuration list for PBXNativeTarget "cropableUITests" */;
			buildPhases = (
				3F679C6F2A752409007D5CF6 /* Sources */,
				3F679C702A752409007D5CF6 /* Frameworks */,
				3F679C712A752409007D5CF6 /* Resources */,
			);
			buildRules = (
			);
			dependencies = (
				3F679C752A752409007D5CF6 /* PBXTargetDependency */,
			);
			name = cropableUITests;
			productName = cropableUITests;
			productReference = 3F679C732A752409007D5CF6 /* cropableUITests.xctest */;
			productType = "com.apple.product-type.bundle.ui-testing";
		};
/* End PBXNativeTarget section */

/* Begin PBXProject section */
		3F679C4B2A752408007D5CF6 /* Project object */ = {
			isa = PBXProject;
			attributes = {
				BuildIndependentTargetsInParallel = 1;
				LastSwiftUpdateCheck = 1430;
				LastUpgradeCheck = 1430;
				TargetAttributes = {
					3F679C522A752408007D5CF6 = {
						CreatedOnToolsVersion = 14.3.1;
					};
					3F679C682A752409007D5CF6 = {
						CreatedOnToolsVersion = 14.3.1;
						TestTargetID = 3F679C522A752408007D5CF6;
					};
					3F679C722A752409007D5CF6 = {
						CreatedOnToolsVersion = 14.3.1;
						TestTargetID = 3F679C522A752408007D5CF6;
					};
				};
			};
			buildConfigurationList = 3F679C4E2A752408007D5CF6 /* Build configuration list for PBXProject "cropable" */;
			compatibilityVersion = "Xcode 14.0";
			developmentRegion = en;
			hasScannedForEncodings = 0;
			knownRegions = (
				en,
				Base,
			);
			mainGroup = 3F679C4A2A752408007D5CF6;
			productRefGroup = 3F679C542A752408007D5CF6 /* Products */;
			projectDirPath = "";
			projectRoot = "";
			targets = (
				3F679C522A752408007D5CF6 /* cropable */,
				3F679C682A752409007D5CF6 /* cropableTests */,
				3F679C722A752409007D5CF6 /* cropableUITests */,
			);
		};
/* End PBXProject section */

/* Begin PBXResourcesBuildPhase section */
		3F679C512A752408007D5CF6 /* Resources */ = {
			isa = PBXResourcesBuildPhase;
			buildActionMask = 2147483647;
			files = (
				3F679C632A752409007D5CF6 /* LaunchScreen.storyboard in Resources */,
				3F679C602A752409007D5CF6 /* Assets.xcassets in Resources */,
				3F679C5E2A752408007D5CF6 /* Main.storyboard in Resources */,
			);
			runOnlyForDeploymentPostprocessing = 0;
		};
		3F679C672A752409007D5CF6 /* Resources */ = {
			isa = PBXResourcesBuildPhase;
			buildActionMask = 2147483647;
			files = (
			);
			runOnlyForDeploymentPostprocessing = 0;
		};
		3F679C712A752409007D5CF6 /* Resources */ = {
			isa = PBXResourcesBuildPhase;
			buildActionMask = 2147483647;
			files = (
			);
			runOnlyForDeploymentPostprocessing = 0;
		};
/* End PBXResourcesBuildPhase section */

/* Begin PBXSourcesBuildPhase section */
		3F679C4F2A752408007D5CF6 /* Sources */ = {
			isa = PBXSourcesBuildPhase;
			buildActionMask = 2147483647;
			files = (
				3F679C5B2A752408007D5CF6 /* ViewController.swift in Sources */,
				3F679C572A752408007D5CF6 /* AppDelegate.swift in Sources */,
				3F679C592A752408007D5CF6 /* SceneDelegate.swift in Sources */,
			);
			runOnlyForDeploymentPostprocessing = 0;
		};
		3F679C652A752409007D5CF6 /* Sources */ = {
			isa = PBXSourcesBuildPhase;
			buildActionMask = 2147483647;
			files = (
				3F679C6E2A752409007D5CF6 /* cropableTests.swift in Sources */,
			);
			runOnlyForDeploymentPostprocessing = 0;
		};
		3F679C6F2A752409007D5CF6 /* Sources */ = {
			isa = PBXSourcesBuildPhase;
			buildActionMask = 2147483647;
			files = (
				3F679C7A2A752409007D5CF6 /* cropableUITestsLaunchTests.swift in Sources */,
				3F679C782A752409007D5CF6 /* cropableUITests.swift in Sources */,
			);
			runOnlyForDeploymentPostprocessing = 0;
		};
/* End PBXSourcesBuildPhase section */

/* Begin PBXTargetDependency section */
		3F679C6B2A752409007D5CF6 /* PBXTargetDependency */ = {
			isa = PBXTargetDependency;
			target = 3F679C522A752408007D5CF6 /* cropable */;
			targetProxy = 3F679C6A2A752409007D5CF6 /* PBXContainerItemProxy */;
		};
		3F679C752A752409007D5CF6 /* PBXTargetDependency */ = {
			isa = PBXTargetDependency;
			target = 3F679C522A752408007D5CF6 /* cropable */;
			targetProxy = 3F679C742A752409007D5CF6 /* PBXContainerItemProxy */;
		};
/* End PBXTargetDependency section */

/* Begin PBXVariantGroup section */
		3F679C5C2A752408007D5CF6 /* Main.storyboard */ = {
			isa = PBXVariantGroup;
			children = (
				3F679C5D2A752408007D5CF6 /* Base */,
			);
			name = Main.storyboard;
			sourceTree = "<group>";
		};
		3F679C612A752409007D5CF6 /* LaunchScreen.storyboard */ = {
			isa = PBXVariantGroup;
			children = (
				3F679C622A752409007D5CF6 /* Base */,
			);
			name = LaunchScreen.storyboard;
			sourceTree = "<group>";
		};
/* End PBXVariantGroup section */

/* Begin XCBuildConfiguration section */
		3F679C7B2A752409007D5CF6 /* Debug */ = {
			isa = XCBuildConfiguration;
			buildSettings = {
				ALWAYS_SEARCH_USER_PATHS = NO;
				CLANG_ANALYZER_NONNULL = YES;
				CLANG_ANALYZER_NUMBER_OBJECT_CONVERSION = YES_AGGRESSIVE;
				CLANG_CXX_LANGUAGE_STANDARD = "gnu++20";
				CLANG_ENABLE_MODULES = YES;
				CLANG_ENABLE_OBJC_ARC = YES;
				CLANG_ENABLE_OBJC_WEAK = YES;
				CLANG_WARN_BLOCK_CAPTURE_AUTORELEASING = YES;
				CLANG_WARN_BOOL_CONVERSION = YES;
				CLANG_WARN_COMMA = YES;
				CLANG_WARN_CONSTANT_CONVERSION = YES;
				CLANG_WARN_DEPRECATED_OBJC_IMPLEMENTATIONS = YES;
				CLANG_WARN_DIRECT_OBJC_ISA_USAGE = YES_ERROR;
				CLANG_WARN_DOCUMENTATION_COMMENTS = YES;
				CLANG_WARN_EMPTY_BODY = YES;
				CLANG_WARN_ENUM_CONVERSION = YES;
				CLANG_WARN_INFINITE_RECURSION = YES;
				CLANG_WARN_INT_CONVERSION = YES;
				CLANG_WARN_NON_LITERAL_NULL_CONVERSION = YES;
				CLANG_WARN_OBJC_IMPLICIT_RETAIN_SELF = YES;
				CLANG_WARN_OBJC_LITERAL_CONVERSION = YES;
				CLANG_WARN_OBJC_ROOT_CLASS = YES_ERROR;
				CLANG_WARN_QUOTED_INCLUDE_IN_FRAMEWORK_HEADER = YES;
				CLANG_WARN_RANGE_LOOP_ANALYSIS = YES;
				CLANG_WARN_STRICT_PROTOTYPES = YES;
				CLANG_WARN_SUSPICIOUS_MOVE = YES;
				CLANG_WARN_UNGUARDED_AVAILABILITY = YES_AGGRESSIVE;
				CLANG_WARN_UNREACHABLE_CODE = YES;
				CLANG_WARN__DUPLICATE_METHOD_MATCH = YES;
				COPY_PHASE_STRIP = NO;
				DEBUG_INFORMATION_FORMAT = dwarf;
				ENABLE_STRICT_OBJC_MSGSEND = YES;
				ENABLE_TESTABILITY = YES;
				GCC_C_LANGUAGE_STANDARD = gnu11;
				GCC_DYNAMIC_NO_PIC = NO;
				GCC_NO_COMMON_BLOCKS = YES;
				GCC_OPTIMIZATION_LEVEL = 0;
				GCC_PREPROCESSOR_DEFINITIONS = (
					"DEBUG=1",
					"$(inherited)",
				);
				GCC_WARN_64_TO_32_BIT_CONVERSION = YES;
				GCC_WARN_ABOUT_RETURN_TYPE = YES_ERROR;
				GCC_WARN_UNDECLARED_SELECTOR = YES;
				GCC_WARN_UNINITIALIZED_AUTOS = YES_AGGRESSIVE;
				GCC_WARN_UNUSED_FUNCTION = YES;
				GCC_WARN_UNUSED_VARIABLE = YES;
				IPHONEOS_DEPLOYMENT_TARGET = 16.4;
				MTL_ENABLE_DEBUG_INFO = INCLUDE_SOURCE;
				MTL_FAST_MATH = YES;
				ONLY_ACTIVE_ARCH = YES;
				SDKROOT = iphoneos;
				SWIFT_ACTIVE_COMPILATION_CONDITIONS = DEBUG;
				SWIFT_OPTIMIZATION_LEVEL = "-Onone";
			};
			name = Debug;
		};
		3F679C7C2A752409007D5CF6 /* Release */ = {
			isa = XCBuildConfiguration;
			buildSettings = {
				ALWAYS_SEARCH_USER_PATHS = NO;
				CLANG_ANALYZER_NONNULL = YES;
				CLANG_ANALYZER_NUMBER_OBJECT_CONVERSION = YES_AGGRESSIVE;
				CLANG_CXX_LANGUAGE_STANDARD = "gnu++20";
				CLANG_ENABLE_MODULES = YES;
				CLANG_ENABLE_OBJC_ARC = YES;
				CLANG_ENABLE_OBJC_WEAK = YES;
				CLANG_WARN_BLOCK_CAPTURE_AUTORELEASING = YES;
				CLANG_WARN_BOOL_CONVERSION = YES;
				CLANG_WARN_COMMA = YES;
				CLANG_WARN_CONSTANT_CONVERSION = YES;
				CLANG_WARN_DEPRECATED_OBJC_IMPLEMENTATIONS = YES;
				CLANG_WARN_DIRECT_OBJC_ISA_USAGE = YES_ERROR;
				CLANG_WARN_DOCUMENTATION_COMMENTS = YES;
				CLANG_WARN_EMPTY_BODY = YES;
				CLANG_WARN_ENUM_CONVERSION = YES;
				CLANG_WARN_INFINITE_RECURSION = YES;
				CLANG_WARN_INT_CONVERSION = YES;
				CLANG_WARN_NON_LITERAL_NULL_CONVERSION = YES;
				CLANG_WARN_OBJC_IMPLICIT_RETAIN_SELF = YES;
				CLANG_WARN_OBJC_LITERAL_CONVERSION = YES;
				CLANG_WARN_OBJC_ROOT_CLASS = YES_ERROR;
				CLANG_WARN_QUOTED_INCLUDE_IN_FRAMEWORK_HEADER = YES;
				CLANG_WARN_RANGE_LOOP_ANALYSIS = YES;
				CLANG_WARN_STRICT_PROTOTYPES = YES;
				CLANG_WARN_SUSPICIOUS_MOVE = YES;
				CLANG_WARN_UNGUARDED_AVAILABILITY = YES_AGGRESSIVE;
				CLANG_WARN_UNREACHABLE_CODE = YES;
				CLANG_WARN__DUPLICATE_METHOD_MATCH = YES;
				COPY_PHASE_STRIP = NO;
				DEBUG_INFORMATION_FORMAT = "dwarf-with-dsym";
				ENABLE_NS_ASSERTIONS = NO;
				ENABLE_STRICT_OBJC_MSGSEND = YES;
				GCC_C_LANGUAGE_STANDARD = gnu11;
				GCC_NO_COMMON_BLOCKS = YES;
				GCC_WARN_64_TO_32_BIT_CONVERSION = YES;
				GCC_WARN_ABOUT_RETURN_TYPE = YES_ERROR;
				GCC_WARN_UNDECLARED_SELECTOR = YES;
				GCC_WARN_UNINITIALIZED_AUTOS = YES_AGGRESSIVE;
				GCC_WARN_UNUSED_FUNCTION = YES;
				GCC_WARN_UNUSED_VARIABLE = YES;
				IPHONEOS_DEPLOYMENT_TARGET = 16.4;
				MTL_ENABLE_DEBUG_INFO = NO;
				MTL_FAST_MATH = YES;
				SDKROOT = iphoneos;
				SWIFT_COMPILATION_MODE = wholemodule;
				SWIFT_OPTIMIZATION_LEVEL = "-O";
				VALIDATE_PRODUCT = YES;
			};
			name = Release;
		};
		3F679C7E2A752409007D5CF6 /* Debug */ = {
			isa = XCBuildConfiguration;
			buildSettings = {
				ASSETCATALOG_COMPILER_APPICON_NAME = AppIcon;
				ASSETCATALOG_COMPILER_GLOBAL_ACCENT_COLOR_NAME = AccentColor;
				CODE_SIGN_STYLE = Automatic;
				CURRENT_PROJECT_VERSION = 1;
				GENERATE_INFOPLIST_FILE = YES;
				INFOPLIST_FILE = cropable/Info.plist;
				INFOPLIST_KEY_UIApplicationSupportsIndirectInputEvents = YES;
				INFOPLIST_KEY_UILaunchStoryboardName = LaunchScreen;
				INFOPLIST_KEY_UIMainStoryboardFile = Main;
				INFOPLIST_KEY_UISupportedInterfaceOrientations_iPad = "UIInterfaceOrientationPortrait UIInterfaceOrientationPortraitUpsideDown UIInterfaceOrientationLandscapeLeft UIInterfaceOrientationLandscapeRight";
				INFOPLIST_KEY_UISupportedInterfaceOrientations_iPhone = "UIInterfaceOrientationPortrait UIInterfaceOrientationLandscapeLeft UIInterfaceOrientationLandscapeRight";
				LD_RUNPATH_SEARCH_PATHS = (
					"$(inherited)",
					"@executable_path/Frameworks",
				);
				MARKETING_VERSION = 1.0;
				PRODUCT_BUNDLE_IDENTIFIER = "puzeraque-cropable.cropable";
				PRODUCT_NAME = "$(TARGET_NAME)";
				SWIFT_EMIT_LOC_STRINGS = YES;
				SWIFT_VERSION = 5.0;
				TARGETED_DEVICE_FAMILY = "1,2";
			};
			name = Debug;
		};
		3F679C7F2A752409007D5CF6 /* Release */ = {
			isa = XCBuildConfiguration;
			buildSettings = {
				ASSETCATALOG_COMPILER_APPICON_NAME = AppIcon;
				ASSETCATALOG_COMPILER_GLOBAL_ACCENT_COLOR_NAME = AccentColor;
				CODE_SIGN_STYLE = Automatic;
				CURRENT_PROJECT_VERSION = 1;
				GENERATE_INFOPLIST_FILE = YES;
				INFOPLIST_FILE = cropable/Info.plist;
				INFOPLIST_KEY_UIApplicationSupportsIndirectInputEvents = YES;
				INFOPLIST_KEY_UILaunchStoryboardName = LaunchScreen;
				INFOPLIST_KEY_UIMainStoryboardFile = Main;
				INFOPLIST_KEY_UISupportedInterfaceOrientations_iPad = "UIInterfaceOrientationPortrait UIInterfaceOrientationPortraitUpsideDown UIInterfaceOrientationLandscapeLeft UIInterfaceOrientationLandscapeRight";
				INFOPLIST_KEY_UISupportedInterfaceOrientations_iPhone = "UIInterfaceOrientationPortrait UIInterfaceOrientationLandscapeLeft UIInterfaceOrientationLandscapeRight";
				LD_RUNPATH_SEARCH_PATHS = (
					"$(inherited)",
					"@executable_path/Frameworks",
				);
				MARKETING_VERSION = 1.0;
				PRODUCT_BUNDLE_IDENTIFIER = "puzeraque-cropable.cropable";
				PRODUCT_NAME = "$(TARGET_NAME)";
				SWIFT_EMIT_LOC_STRINGS = YES;
				SWIFT_VERSION = 5.0;
				TARGETED_DEVICE_FAMILY = "1,2";
			};
			name = Release;
		};
		3F679C812A752409007D5CF6 /* Debug */ = {
			isa = XCBuildConfiguration;
			buildSettings = {
				ALWAYS_EMBED_SWIFT_STANDARD_LIBRARIES = YES;
				BUNDLE_LOADER = "$(TEST_HOST)";
				CODE_SIGN_STYLE = Automatic;
				CURRENT_PROJECT_VERSION = 1;
				GENERATE_INFOPLIST_FILE = YES;
				IPHONEOS_DEPLOYMENT_TARGET = 16.4;
				MARKETING_VERSION = 1.0;
				PRODUCT_BUNDLE_IDENTIFIER = "puzeraque-cropable.cropableTests";
				PRODUCT_NAME = "$(TARGET_NAME)";
				SWIFT_EMIT_LOC_STRINGS = NO;
				SWIFT_VERSION = 5.0;
				TARGETED_DEVICE_FAMILY = "1,2";
				TEST_HOST = "$(BUILT_PRODUCTS_DIR)/cropable.app/$(BUNDLE_EXECUTABLE_FOLDER_PATH)/cropable";
			};
			name = Debug;
		};
		3F679C822A752409007D5CF6 /* Release */ = {
			isa = XCBuildConfiguration;
			buildSettings = {
				ALWAYS_EMBED_SWIFT_STANDARD_LIBRARIES = YES;
				BUNDLE_LOADER = "$(TEST_HOST)";
				CODE_SIGN_STYLE = Automatic;
				CURRENT_PROJECT_VERSION = 1;
				GENERATE_INFOPLIST_FILE = YES;
				IPHONEOS_DEPLOYMENT_TARGET = 16.4;
				MARKETING_VERSION = 1.0;
				PRODUCT_BUNDLE_IDENTIFIER = "puzeraque-cropable.cropableTests";
				PRODUCT_NAME = "$(TARGET_NAME)";
				SWIFT_EMIT_LOC_STRINGS = NO;
				SWIFT_VERSION = 5.0;
				TARGETED_DEVICE_FAMILY = "1,2";
				TEST_HOST = "$(BUILT_PRODUCTS_DIR)/cropable.app/$(BUNDLE_EXECUTABLE_FOLDER_PATH)/cropable";
			};
			name = Release;
		};
		3F679C842A752409007D5CF6 /* Debug */ = {
			isa = XCBuildConfiguration;
			buildSettings = {
				ALWAYS_EMBED_SWIFT_STANDARD_LIBRARIES = YES;
				CODE_SIGN_STYLE = Automatic;
				CURRENT_PROJECT_VERSION = 1;
				GENERATE_INFOPLIST_FILE = YES;
				MARKETING_VERSION = 1.0;
				PRODUCT_BUNDLE_IDENTIFIER = "puzeraque-cropable.cropableUITests";
				PRODUCT_NAME = "$(TARGET_NAME)";
				SWIFT_EMIT_LOC_STRINGS = NO;
				SWIFT_VERSION = 5.0;
				TARGETED_DEVICE_FAMILY = "1,2";
				TEST_TARGET_NAME = cropable;
			};
			name = Debug;
		};
		3F679C852A752409007D5CF6 /* Release */ = {
			isa = XCBuildConfiguration;
			buildSettings = {
				ALWAYS_EMBED_SWIFT_STANDARD_LIBRARIES = YES;
				CODE_SIGN_STYLE = Automatic;
				CURRENT_PROJECT_VERSION = 1;
				GENERATE_INFOPLIST_FILE = YES;
				MARKETING_VERSION = 1.0;
				PRODUCT_BUNDLE_IDENTIFIER = "puzeraque-cropable.cropableUITests";
				PRODUCT_NAME = "$(TARGET_NAME)";
				SWIFT_EMIT_LOC_STRINGS = NO;
				SWIFT_VERSION = 5.0;
				TARGETED_DEVICE_FAMILY = "1,2";
				TEST_TARGET_NAME = cropable;
			};
			name = Release;
		};
/* End XCBuildConfiguration section */

/* Begin XCConfigurationList section */
		3F679C4E2A752408007D5CF6 /* Build configuration list for PBXProject "cropable" */ = {
			isa = XCConfigurationList;
			buildConfigurations = (
				3F679C7B2A752409007D5CF6 /* Debug */,
				3F679C7C2A752409007D5CF6 /* Release */,
			);
			defaultConfigurationIsVisible = 0;
			defaultConfigurationName = Release;
		};
		3F679C7D2A752409007D5CF6 /* Build configuration list for PBXNativeTarget "cropable" */ = {
			isa = XCConfigurationList;
			buildConfigurations = (
				3F679C7E2A752409007D5CF6 /* Debug */,
				3F679C7F2A752409007D5CF6 /* Release */,
			);
			defaultConfigurationIsVisible = 0;
			defaultConfigurationName = Release;
		};
		3F679C802A752409007D5CF6 /* Build configuration list for PBXNativeTarget "cropableTests" */ = {
			isa = XCConfigurationList;
			buildConfigurations = (
				3F679C812A752409007D5CF6 /* Debug */,
				3F679C822A752409007D5CF6 /* Release */,
			);
			defaultConfigurationIsVisible = 0;
			defaultConfigurationName = Release;
		};
		3F679C832A752409007D5CF6 /* Build configuration list for PBXNativeTarget "cropableUITests" */ = {
			isa = XCConfigurationList;
			buildConfigurations = (
				3F679C842A752409007D5CF6 /* Debug */,
				3F679C852A752409007D5CF6 /* Release */,
			);
			defaultConfigurationIsVisible = 0;
			defaultConfigurationName = Release;
		};
/* End XCConfigurationList section */
	};
	rootObject = 3F679C4B2A752408007D5CF6 /* Project object */;
}
